// !$*UTF8*$!
{
	archiveVersion = 1;
	classes = {
	};
	objectVersion = 46;
	objects = {

/* Begin PBXBuildFile section */
		96115D8F1973FE4100DC7B0A /* SocialSupportLib.a in Frameworks */ = {isa = PBXBuildFile; fileRef = 3175D7421973C34400C4CB09 /* SocialSupportLib.a */; };
		96153469195D534700F71C0B /* Foundation.framework in Frameworks */ = {isa = PBXBuildFile; fileRef = 96153468195D534700F71C0B /* Foundation.framework */; };
		9615346B195D534700F71C0B /* CoreGraphics.framework in Frameworks */ = {isa = PBXBuildFile; fileRef = 9615346A195D534700F71C0B /* CoreGraphics.framework */; };
		9615346D195D534700F71C0B /* UIKit.framework in Frameworks */ = {isa = PBXBuildFile; fileRef = 9615346C195D534700F71C0B /* UIKit.framework */; };
		96153473195D534700F71C0B /* InfoPlist.strings in Resources */ = {isa = PBXBuildFile; fileRef = 96153471195D534700F71C0B /* InfoPlist.strings */; };
		96153475195D534700F71C0B /* main.m in Sources */ = {isa = PBXBuildFile; fileRef = 96153474195D534700F71C0B /* main.m */; };
		96153479195D534700F71C0B /* WBAppDelegate.m in Sources */ = {isa = PBXBuildFile; fileRef = 96153478195D534700F71C0B /* WBAppDelegate.m */; };
		9615347C195D534700F71C0B /* Main_iPhone.storyboard in Resources */ = {isa = PBXBuildFile; fileRef = 9615347A195D534700F71C0B /* Main_iPhone.storyboard */; };
		9615347F195D534700F71C0B /* Main_iPad.storyboard in Resources */ = {isa = PBXBuildFile; fileRef = 9615347D195D534700F71C0B /* Main_iPad.storyboard */; };
		96153482195D534700F71C0B /* WBViewController.m in Sources */ = {isa = PBXBuildFile; fileRef = 96153481195D534700F71C0B /* WBViewController.m */; };
		96153484195D534700F71C0B /* Images.xcassets in Resources */ = {isa = PBXBuildFile; fileRef = 96153483195D534700F71C0B /* Images.xcassets */; };
		9615348B195D534800F71C0B /* XCTest.framework in Frameworks */ = {isa = PBXBuildFile; fileRef = 9615348A195D534800F71C0B /* XCTest.framework */; };
		9615348C195D534800F71C0B /* Foundation.framework in Frameworks */ = {isa = PBXBuildFile; fileRef = 96153468195D534700F71C0B /* Foundation.framework */; };
		9615348D195D534800F71C0B /* UIKit.framework in Frameworks */ = {isa = PBXBuildFile; fileRef = 9615346C195D534700F71C0B /* UIKit.framework */; };
		96153495195D534800F71C0B /* InfoPlist.strings in Resources */ = {isa = PBXBuildFile; fileRef = 96153493195D534800F71C0B /* InfoPlist.strings */; };
		96153497195D534800F71C0B /* SocialAppWorkBenchTests.m in Sources */ = {isa = PBXBuildFile; fileRef = 96153496195D534800F71C0B /* SocialAppWorkBenchTests.m */; };
		961534A5195D582700F71C0B /* WBFacebookWebView.m in Sources */ = {isa = PBXBuildFile; fileRef = 961534A4195D582700F71C0B /* WBFacebookWebView.m */; };
		961534B0195D8CDA00F71C0B /* WBFBUserActions.m in Sources */ = {isa = PBXBuildFile; fileRef = 961534AF195D8CDA00F71C0B /* WBFBUserActions.m */; };
/* End PBXBuildFile section */

/* Begin PBXContainerItemProxy section */
		9615348E195D534800F71C0B /* PBXContainerItemProxy */ = {
			isa = PBXContainerItemProxy;
			containerPortal = 9615345D195D534700F71C0B /* Project object */;
			proxyType = 1;
			remoteGlobalIDString = 96153464195D534700F71C0B;
			remoteInfo = SocialAppWorkBench;
		};
/* End PBXContainerItemProxy section */

/* Begin PBXFileReference section */
		3175D7401973BD9500C4CB09 /* WBAccessLinkedIn.h */ = {isa = PBXFileReference; fileEncoding = 4; lastKnownFileType = sourcecode.c.h; path = WBAccessLinkedIn.h; sourceTree = "<group>"; };
		3175D7421973C34400C4CB09 /* SocialSupportLib.a */ = {isa = PBXFileReference; lastKnownFileType = archive.ar; path = SocialSupportLib.a; sourceTree = "<group>"; };
		96153465195D534700F71C0B /* SocialAppWorkBench.app */ = {isa = PBXFileReference; explicitFileType = wrapper.application; includeInIndex = 0; path = SocialAppWorkBench.app; sourceTree = BUILT_PRODUCTS_DIR; };
		96153468195D534700F71C0B /* Foundation.framework */ = {isa = PBXFileReference; lastKnownFileType = wrapper.framework; name = Foundation.framework; path = System/Library/Frameworks/Foundation.framework; sourceTree = SDKROOT; };
		9615346A195D534700F71C0B /* CoreGraphics.framework */ = {isa = PBXFileReference; lastKnownFileType = wrapper.framework; name = CoreGraphics.framework; path = System/Library/Frameworks/CoreGraphics.framework; sourceTree = SDKROOT; };
		9615346C195D534700F71C0B /* UIKit.framework */ = {isa = PBXFileReference; lastKnownFileType = wrapper.framework; name = UIKit.framework; path = System/Library/Frameworks/UIKit.framework; sourceTree = SDKROOT; };
		96153470195D534700F71C0B /* SocialAppWorkBench-Info.plist */ = {isa = PBXFileReference; lastKnownFileType = text.plist.xml; path = "SocialAppWorkBench-Info.plist"; sourceTree = "<group>"; };
		96153472195D534700F71C0B /* en */ = {isa = PBXFileReference; lastKnownFileType = text.plist.strings; name = en; path = en.lproj/InfoPlist.strings; sourceTree = "<group>"; };
		96153474195D534700F71C0B /* main.m */ = {isa = PBXFileReference; lastKnownFileType = sourcecode.c.objc; path = main.m; sourceTree = "<group>"; };
		96153476195D534700F71C0B /* SocialAppWorkBench-Prefix.pch */ = {isa = PBXFileReference; lastKnownFileType = sourcecode.c.h; path = "SocialAppWorkBench-Prefix.pch"; sourceTree = "<group>"; };
		96153477195D534700F71C0B /* WBAppDelegate.h */ = {isa = PBXFileReference; lastKnownFileType = sourcecode.c.h; path = WBAppDelegate.h; sourceTree = "<group>"; };
		96153478195D534700F71C0B /* WBAppDelegate.m */ = {isa = PBXFileReference; lastKnownFileType = sourcecode.c.objc; path = WBAppDelegate.m; sourceTree = "<group>"; };
		9615347B195D534700F71C0B /* Base */ = {isa = PBXFileReference; lastKnownFileType = file.storyboard; name = Base; path = Base.lproj/Main_iPhone.storyboard; sourceTree = "<group>"; };
		9615347E195D534700F71C0B /* Base */ = {isa = PBXFileReference; lastKnownFileType = file.storyboard; name = Base; path = Base.lproj/Main_iPad.storyboard; sourceTree = "<group>"; };
		96153480195D534700F71C0B /* WBViewController.h */ = {isa = PBXFileReference; lastKnownFileType = sourcecode.c.h; path = WBViewController.h; sourceTree = "<group>"; };
		96153481195D534700F71C0B /* WBViewController.m */ = {isa = PBXFileReference; lastKnownFileType = sourcecode.c.objc; path = WBViewController.m; sourceTree = "<group>"; };
		96153483195D534700F71C0B /* Images.xcassets */ = {isa = PBXFileReference; lastKnownFileType = folder.assetcatalog; path = Images.xcassets; sourceTree = "<group>"; };
		96153489195D534800F71C0B /* SocialAppWorkBenchTests.xctest */ = {isa = PBXFileReference; explicitFileType = wrapper.cfbundle; includeInIndex = 0; path = SocialAppWorkBenchTests.xctest; sourceTree = BUILT_PRODUCTS_DIR; };
		9615348A195D534800F71C0B /* XCTest.framework */ = {isa = PBXFileReference; lastKnownFileType = wrapper.framework; name = XCTest.framework; path = Library/Frameworks/XCTest.framework; sourceTree = DEVELOPER_DIR; };
		96153492195D534800F71C0B /* SocialAppWorkBenchTests-Info.plist */ = {isa = PBXFileReference; lastKnownFileType = text.plist.xml; path = "SocialAppWorkBenchTests-Info.plist"; sourceTree = "<group>"; };
		96153494195D534800F71C0B /* en */ = {isa = PBXFileReference; lastKnownFileType = text.plist.strings; name = en; path = en.lproj/InfoPlist.strings; sourceTree = "<group>"; };
		96153496195D534800F71C0B /* SocialAppWorkBenchTests.m */ = {isa = PBXFileReference; lastKnownFileType = sourcecode.c.objc; path = SocialAppWorkBenchTests.m; sourceTree = "<group>"; };
		961534A3195D582700F71C0B /* WBFacebookWebView.h */ = {isa = PBXFileReference; fileEncoding = 4; lastKnownFileType = sourcecode.c.h; path = WBFacebookWebView.h; sourceTree = "<group>"; };
		961534A4195D582700F71C0B /* WBFacebookWebView.m */ = {isa = PBXFileReference; fileEncoding = 4; lastKnownFileType = sourcecode.c.objc; path = WBFacebookWebView.m; sourceTree = "<group>"; };
		961534AE195D8CDA00F71C0B /* WBFBUserActions.h */ = {isa = PBXFileReference; fileEncoding = 4; lastKnownFileType = sourcecode.c.h; path = WBFBUserActions.h; sourceTree = "<group>"; };
		961534AF195D8CDA00F71C0B /* WBFBUserActions.m */ = {isa = PBXFileReference; fileEncoding = 4; lastKnownFileType = sourcecode.c.objc; path = WBFBUserActions.m; sourceTree = "<group>"; };
		961711B319700E8C00C14F2C /* WBAccessFacebook.h */ = {isa = PBXFileReference; fileEncoding = 4; lastKnownFileType = sourcecode.c.h; path = WBAccessFacebook.h; sourceTree = "<group>"; };
		961711B419700E8C00C14F2C /* WBConsumer.h */ = {isa = PBXFileReference; fileEncoding = 4; lastKnownFileType = sourcecode.c.h; path = WBConsumer.h; sourceTree = "<group>"; };
		961711B519700E8C00C14F2C /* WBToken.h */ = {isa = PBXFileReference; fileEncoding = 4; lastKnownFileType = sourcecode.c.h; path = WBToken.h; sourceTree = "<group>"; };
		961711B619700E8C00C14F2C /* WBTwitterConnect.h */ = {isa = PBXFileReference; fileEncoding = 4; lastKnownFileType = sourcecode.c.h; path = WBTwitterConnect.h; sourceTree = "<group>"; };
/* End PBXFileReference section */

/* Begin PBXFrameworksBuildPhase section */
		96153462195D534700F71C0B /* Frameworks */ = {
			isa = PBXFrameworksBuildPhase;
			buildActionMask = 2147483647;
			files = (
				9615346B195D534700F71C0B /* CoreGraphics.framework in Frameworks */,
				9615346D195D534700F71C0B /* UIKit.framework in Frameworks */,
				96115D8F1973FE4100DC7B0A /* SocialSupportLib.a in Frameworks */,
				96153469195D534700F71C0B /* Foundation.framework in Frameworks */,
			);
			runOnlyForDeploymentPostprocessing = 0;
		};
		96153486195D534800F71C0B /* Frameworks */ = {
			isa = PBXFrameworksBuildPhase;
			buildActionMask = 2147483647;
			files = (
				9615348B195D534800F71C0B /* XCTest.framework in Frameworks */,
				9615348D195D534800F71C0B /* UIKit.framework in Frameworks */,
				9615348C195D534800F71C0B /* Foundation.framework in Frameworks */,
			);
			runOnlyForDeploymentPostprocessing = 0;
		};
/* End PBXFrameworksBuildPhase section */

/* Begin PBXGroup section */
		9615345C195D534700F71C0B = {
			isa = PBXGroup;
			children = (
				961711AE19700DE200C14F2C /* SocialConnect */,
				9615346E195D534700F71C0B /* SocialAppWorkBench */,
				96153490195D534800F71C0B /* SocialAppWorkBenchTests */,
				96153467195D534700F71C0B /* Frameworks */,
				96153466195D534700F71C0B /* Products */,
			);
			sourceTree = "<group>";
		};
		96153466195D534700F71C0B /* Products */ = {
			isa = PBXGroup;
			children = (
				96153465195D534700F71C0B /* SocialAppWorkBench.app */,
				96153489195D534800F71C0B /* SocialAppWorkBenchTests.xctest */,
			);
			name = Products;
			sourceTree = "<group>";
		};
		96153467195D534700F71C0B /* Frameworks */ = {
			isa = PBXGroup;
			children = (
				96153468195D534700F71C0B /* Foundation.framework */,
				9615346A195D534700F71C0B /* CoreGraphics.framework */,
				9615346C195D534700F71C0B /* UIKit.framework */,
				9615348A195D534800F71C0B /* XCTest.framework */,
			);
			name = Frameworks;
			sourceTree = "<group>";
		};
		9615346E195D534700F71C0B /* SocialAppWorkBench */ = {
			isa = PBXGroup;
			children = (
				9636267E1963D4930042AD85 /* FBUserActions */,
				96153477195D534700F71C0B /* WBAppDelegate.h */,
				96153478195D534700F71C0B /* WBAppDelegate.m */,
				9615347A195D534700F71C0B /* Main_iPhone.storyboard */,
				9615347D195D534700F71C0B /* Main_iPad.storyboard */,
				96153480195D534700F71C0B /* WBViewController.h */,
				96153481195D534700F71C0B /* WBViewController.m */,
				961534A3195D582700F71C0B /* WBFacebookWebView.h */,
				961534A4195D582700F71C0B /* WBFacebookWebView.m */,
				96153483195D534700F71C0B /* Images.xcassets */,
				9615346F195D534700F71C0B /* Supporting Files */,
			);
			path = SocialAppWorkBench;
			sourceTree = "<group>";
		};
		9615346F195D534700F71C0B /* Supporting Files */ = {
			isa = PBXGroup;
			children = (
				96153470195D534700F71C0B /* SocialAppWorkBench-Info.plist */,
				96153471195D534700F71C0B /* InfoPlist.strings */,
				96153474195D534700F71C0B /* main.m */,
				96153476195D534700F71C0B /* SocialAppWorkBench-Prefix.pch */,
			);
			name = "Supporting Files";
			sourceTree = "<group>";
		};
		96153490195D534800F71C0B /* SocialAppWorkBenchTests */ = {
			isa = PBXGroup;
			children = (
				96153496195D534800F71C0B /* SocialAppWorkBenchTests.m */,
				96153491195D534800F71C0B /* Supporting Files */,
			);
			path = SocialAppWorkBenchTests;
			sourceTree = "<group>";
		};
		96153491195D534800F71C0B /* Supporting Files */ = {
			isa = PBXGroup;
			children = (
				96153492195D534800F71C0B /* SocialAppWorkBenchTests-Info.plist */,
				96153493195D534800F71C0B /* InfoPlist.strings */,
			);
			name = "Supporting Files";
			sourceTree = "<group>";
		};
		961711AE19700DE200C14F2C /* SocialConnect */ = {
			isa = PBXGroup;
			children = (
				3175D7421973C34400C4CB09 /* SocialSupportLib.a */,
				961711B119700E8C00C14F2C /* include */,
			);
			name = SocialConnect;
			sourceTree = "<group>";
		};
		961711B119700E8C00C14F2C /* include */ = {
			isa = PBXGroup;
			children = (
				961711B219700E8C00C14F2C /* SocialSupportLib */,
			);
			path = include;
			sourceTree = "<group>";
		};
		961711B219700E8C00C14F2C /* SocialSupportLib */ = {
			isa = PBXGroup;
			children = (
				3175D7401973BD9500C4CB09 /* WBAccessLinkedIn.h */,
				961711B319700E8C00C14F2C /* WBAccessFacebook.h */,
				961711B419700E8C00C14F2C /* WBConsumer.h */,
				961711B519700E8C00C14F2C /* WBToken.h */,
				961711B619700E8C00C14F2C /* WBTwitterConnect.h */,
			);
			path = SocialSupportLib;
			sourceTree = "<group>";
		};
		9636267E1963D4930042AD85 /* FBUserActions */ = {
			isa = PBXGroup;
			children = (
				961534AE195D8CDA00F71C0B /* WBFBUserActions.h */,
				961534AF195D8CDA00F71C0B /* WBFBUserActions.m */,
			);
			name = FBUserActions;
			sourceTree = "<group>";
		};
/* End PBXGroup section */

/* Begin PBXNativeTarget section */
		96153464195D534700F71C0B /* SocialAppWorkBench */ = {
			isa = PBXNativeTarget;
			buildConfigurationList = 9615349A195D534800F71C0B /* Build configuration list for PBXNativeTarget "SocialAppWorkBench" */;
			buildPhases = (
				96153461195D534700F71C0B /* Sources */,
				96153462195D534700F71C0B /* Frameworks */,
				96153463195D534700F71C0B /* Resources */,
			);
			buildRules = (
			);
			dependencies = (
			);
			name = SocialAppWorkBench;
			productName = SocialAppWorkBench;
			productReference = 96153465195D534700F71C0B /* SocialAppWorkBench.app */;
			productType = "com.apple.product-type.application";
		};
		96153488195D534800F71C0B /* SocialAppWorkBenchTests */ = {
			isa = PBXNativeTarget;
			buildConfigurationList = 9615349D195D534800F71C0B /* Build configuration list for PBXNativeTarget "SocialAppWorkBenchTests" */;
			buildPhases = (
				96153485195D534800F71C0B /* Sources */,
				96153486195D534800F71C0B /* Frameworks */,
				96153487195D534800F71C0B /* Resources */,
			);
			buildRules = (
			);
			dependencies = (
				9615348F195D534800F71C0B /* PBXTargetDependency */,
			);
			name = SocialAppWorkBenchTests;
			productName = SocialAppWorkBenchTests;
			productReference = 96153489195D534800F71C0B /* SocialAppWorkBenchTests.xctest */;
			productType = "com.apple.product-type.bundle.unit-test";
		};
/* End PBXNativeTarget section */

/* Begin PBXProject section */
		9615345D195D534700F71C0B /* Project object */ = {
			isa = PBXProject;
			attributes = {
				CLASSPREFIX = WB;
				LastUpgradeCheck = 0500;
				ORGANIZATIONNAME = Ishani;
				TargetAttributes = {
					96153488195D534800F71C0B = {
						TestTargetID = 96153464195D534700F71C0B;
					};
				};
			};
			buildConfigurationList = 96153460195D534700F71C0B /* Build configuration list for PBXProject "SocialAppWorkBench" */;
			compatibilityVersion = "Xcode 3.2";
			developmentRegion = English;
			hasScannedForEncodings = 0;
			knownRegions = (
				en,
				Base,
			);
			mainGroup = 9615345C195D534700F71C0B;
			productRefGroup = 96153466195D534700F71C0B /* Products */;
			projectDirPath = "";
			projectRoot = "";
			targets = (
				96153464195D534700F71C0B /* SocialAppWorkBench */,
				96153488195D534800F71C0B /* SocialAppWorkBenchTests */,
			);
		};
/* End PBXProject section */

/* Begin PBXResourcesBuildPhase section */
		96153463195D534700F71C0B /* Resources */ = {
			isa = PBXResourcesBuildPhase;
			buildActionMask = 2147483647;
			files = (
				9615347F195D534700F71C0B /* Main_iPad.storyboard in Resources */,
				96153484195D534700F71C0B /* Images.xcassets in Resources */,
				9615347C195D534700F71C0B /* Main_iPhone.storyboard in Resources */,
				96153473195D534700F71C0B /* InfoPlist.strings in Resources */,
			);
			runOnlyForDeploymentPostprocessing = 0;
		};
		96153487195D534800F71C0B /* Resources */ = {
			isa = PBXResourcesBuildPhase;
			buildActionMask = 2147483647;
			files = (
				96153495195D534800F71C0B /* InfoPlist.strings in Resources */,
			);
			runOnlyForDeploymentPostprocessing = 0;
		};
/* End PBXResourcesBuildPhase section */

/* Begin PBXSourcesBuildPhase section */
		96153461195D534700F71C0B /* Sources */ = {
			isa = PBXSourcesBuildPhase;
			buildActionMask = 2147483647;
			files = (
				96153482195D534700F71C0B /* WBViewController.m in Sources */,
				96153475195D534700F71C0B /* main.m in Sources */,
				961534A5195D582700F71C0B /* WBFacebookWebView.m in Sources */,
				961534B0195D8CDA00F71C0B /* WBFBUserActions.m in Sources */,
				96153479195D534700F71C0B /* WBAppDelegate.m in Sources */,
			);
			runOnlyForDeploymentPostprocessing = 0;
		};
		96153485195D534800F71C0B /* Sources */ = {
			isa = PBXSourcesBuildPhase;
			buildActionMask = 2147483647;
			files = (
				96153497195D534800F71C0B /* SocialAppWorkBenchTests.m in Sources */,
			);
			runOnlyForDeploymentPostprocessing = 0;
		};
/* End PBXSourcesBuildPhase section */

/* Begin PBXTargetDependency section */
		9615348F195D534800F71C0B /* PBXTargetDependency */ = {
			isa = PBXTargetDependency;
			target = 96153464195D534700F71C0B /* SocialAppWorkBench */;
			targetProxy = 9615348E195D534800F71C0B /* PBXContainerItemProxy */;
		};
/* End PBXTargetDependency section */

/* Begin PBXVariantGroup section */
		96153471195D534700F71C0B /* InfoPlist.strings */ = {
			isa = PBXVariantGroup;
			children = (
				96153472195D534700F71C0B /* en */,
			);
			name = InfoPlist.strings;
			sourceTree = "<group>";
		};
		9615347A195D534700F71C0B /* Main_iPhone.storyboard */ = {
			isa = PBXVariantGroup;
			children = (
				9615347B195D534700F71C0B /* Base */,
			);
			name = Main_iPhone.storyboard;
			sourceTree = "<group>";
		};
		9615347D195D534700F71C0B /* Main_iPad.storyboard */ = {
			isa = PBXVariantGroup;
			children = (
				9615347E195D534700F71C0B /* Base */,
			);
			name = Main_iPad.storyboard;
			sourceTree = "<group>";
		};
		96153493195D534800F71C0B /* InfoPlist.strings */ = {
			isa = PBXVariantGroup;
			children = (
				96153494195D534800F71C0B /* en */,
			);
			name = InfoPlist.strings;
			sourceTree = "<group>";
		};
/* End PBXVariantGroup section */

/* Begin XCBuildConfiguration section */
		96153498195D534800F71C0B /* Debug */ = {
			isa = XCBuildConfiguration;
			buildSettings = {
				ALWAYS_SEARCH_USER_PATHS = NO;
				ARCHS = "$(ARCHS_STANDARD_INCLUDING_64_BIT)";
				CLANG_CXX_LANGUAGE_STANDARD = "gnu++0x";
				CLANG_CXX_LIBRARY = "libc++";
				CLANG_ENABLE_MODULES = YES;
				CLANG_ENABLE_OBJC_ARC = YES;
				CLANG_WARN_BOOL_CONVERSION = YES;
				CLANG_WARN_CONSTANT_CONVERSION = YES;
				CLANG_WARN_DIRECT_OBJC_ISA_USAGE = YES_ERROR;
				CLANG_WARN_EMPTY_BODY = YES;
				CLANG_WARN_ENUM_CONVERSION = YES;
				CLANG_WARN_INT_CONVERSION = YES;
				CLANG_WARN_OBJC_ROOT_CLASS = YES_ERROR;
				CLANG_WARN__DUPLICATE_METHOD_MATCH = YES;
				"CODE_SIGN_IDENTITY[sdk=iphoneos*]" = "iPhone Developer";
				COPY_PHASE_STRIP = NO;
				GCC_C_LANGUAGE_STANDARD = gnu99;
				GCC_DYNAMIC_NO_PIC = NO;
				GCC_OPTIMIZATION_LEVEL = 0;
				GCC_PREPROCESSOR_DEFINITIONS = (
					"DEBUG=1",
					"$(inherited)",
				);
				GCC_SYMBOLS_PRIVATE_EXTERN = NO;
				GCC_WARN_64_TO_32_BIT_CONVERSION = YES;
				GCC_WARN_ABOUT_RETURN_TYPE = YES_ERROR;
				GCC_WARN_UNDECLARED_SELECTOR = YES;
				GCC_WARN_UNINITIALIZED_AUTOS = YES;
				GCC_WARN_UNUSED_FUNCTION = YES;
				GCC_WARN_UNUSED_VARIABLE = YES;
				IPHONEOS_DEPLOYMENT_TARGET = 7.0;
				ONLY_ACTIVE_ARCH = YES;
				SDKROOT = iphoneos;
				TARGETED_DEVICE_FAMILY = "1,2";
			};
			name = Debug;
		};
		96153499195D534800F71C0B /* Release */ = {
			isa = XCBuildConfiguration;
			buildSettings = {
				ALWAYS_SEARCH_USER_PATHS = NO;
				ARCHS = "$(ARCHS_STANDARD_INCLUDING_64_BIT)";
				CLANG_CXX_LANGUAGE_STANDARD = "gnu++0x";
				CLANG_CXX_LIBRARY = "libc++";
				CLANG_ENABLE_MODULES = YES;
				CLANG_ENABLE_OBJC_ARC = YES;
				CLANG_WARN_BOOL_CONVERSION = YES;
				CLANG_WARN_CONSTANT_CONVERSION = YES;
				CLANG_WARN_DIRECT_OBJC_ISA_USAGE = YES_ERROR;
				CLANG_WARN_EMPTY_BODY = YES;
				CLANG_WARN_ENUM_CONVERSION = YES;
				CLANG_WARN_INT_CONVERSION = YES;
				CLANG_WARN_OBJC_ROOT_CLASS = YES_ERROR;
				CLANG_WARN__DUPLICATE_METHOD_MATCH = YES;
				"CODE_SIGN_IDENTITY[sdk=iphoneos*]" = "iPhone Developer";
				COPY_PHASE_STRIP = YES;
				ENABLE_NS_ASSERTIONS = NO;
				GCC_C_LANGUAGE_STANDARD = gnu99;
				GCC_WARN_64_TO_32_BIT_CONVERSION = YES;
				GCC_WARN_ABOUT_RETURN_TYPE = YES_ERROR;
				GCC_WARN_UNDECLARED_SELECTOR = YES;
				GCC_WARN_UNINITIALIZED_AUTOS = YES;
				GCC_WARN_UNUSED_FUNCTION = YES;
				GCC_WARN_UNUSED_VARIABLE = YES;
				IPHONEOS_DEPLOYMENT_TARGET = 7.0;
				SDKROOT = iphoneos;
				TARGETED_DEVICE_FAMILY = "1,2";
				VALIDATE_PRODUCT = YES;
			};
			name = Release;
		};
		9615349B195D534800F71C0B /* Debug */ = {
			isa = XCBuildConfiguration;
			buildSettings = {
				ASSETCATALOG_COMPILER_APPICON_NAME = AppIcon;
				ASSETCATALOG_COMPILER_LAUNCHIMAGE_NAME = LaunchImage;
				"CODE_SIGN_IDENTITY[sdk=iphoneos*]" = "iPhone Developer: Kapil Sharma (4385ZBLB86)";
				GCC_PRECOMPILE_PREFIX_HEADER = YES;
				GCC_PREFIX_HEADER = "SocialAppWorkBench/SocialAppWorkBench-Prefix.pch";
				INFOPLIST_FILE = "SocialAppWorkBench/SocialAppWorkBench-Info.plist";
				LIBRARY_SEARCH_PATHS = (
					"$(inherited)",
					/Users/ishani/Documents/WorkBenchRepository/trunk/iOS/SNSIntegration/SocialAppWorkBench,
				);
				ONLY_ACTIVE_ARCH = YES;
				OTHER_LDFLAGS = "-ObjC";
				PRODUCT_NAME = "$(TARGET_NAME)";
				PROVISIONING_PROFILE = "14BA1176-8B01-4AD1-9465-FF52720DE90B";
				WRAPPER_EXTENSION = app;
			};
			name = Debug;
		};
		9615349C195D534800F71C0B /* Release */ = {
			isa = XCBuildConfiguration;
			buildSettings = {
				ASSETCATALOG_COMPILER_APPICON_NAME = AppIcon;
				ASSETCATALOG_COMPILER_LAUNCHIMAGE_NAME = LaunchImage;
				CODE_SIGN_IDENTITY = "iPhone Developer: Kapil Sharma (4385ZBLB86)";
				GCC_PRECOMPILE_PREFIX_HEADER = YES;
				GCC_PREFIX_HEADER = "SocialAppWorkBench/SocialAppWorkBench-Prefix.pch";
				INFOPLIST_FILE = "SocialAppWorkBench/SocialAppWorkBench-Info.plist";
				LIBRARY_SEARCH_PATHS = (
					"$(inherited)",
					/Users/ishani/Documents/WorkBenchRepository/trunk/iOS/SNSIntegration/SocialAppWorkBench,
				);
				ONLY_ACTIVE_ARCH = YES;
				OTHER_LDFLAGS = "-ObjC";
				PRODUCT_NAME = "$(TARGET_NAME)";
				PROVISIONING_PROFILE = "14BA1176-8B01-4AD1-9465-FF52720DE90B";
				WRAPPER_EXTENSION = app;
			};
			name = Release;
		};
		9615349E195D534800F71C0B /* Debug */ = {
			isa = XCBuildConfiguration;
			buildSettings = {
				ARCHS = "$(ARCHS_STANDARD_INCLUDING_64_BIT)";
				BUNDLE_LOADER = "$(BUILT_PRODUCTS_DIR)/SocialAppWorkBench.app/SocialAppWorkBench";
				FRAMEWORK_SEARCH_PATHS = (
					"$(SDKROOT)/Developer/Library/Frameworks",
					"$(inherited)",
					"$(DEVELOPER_FRAMEWORKS_DIR)",
				);
				GCC_PRECOMPILE_PREFIX_HEADER = YES;
				GCC_PREFIX_HEADER = "SocialAppWorkBench/SocialAppWorkBench-Prefix.pch";
				GCC_PREPROCESSOR_DEFINITIONS = (
					"DEBUG=1",
					"$(inherited)",
				);
				INFOPLIST_FILE = "SocialAppWorkBenchTests/SocialAppWorkBenchTests-Info.plist";
				PRODUCT_NAME = "$(TARGET_NAME)";
				TEST_HOST = "$(BUNDLE_LOADER)";
				WRAPPER_EXTENSION = xctest;
			};
			name = Debug;
		};
		9615349F195D534800F71C0B /* Release */ = {
			isa = XCBuildConfiguration;
			buildSettings = {
				ARCHS = "$(ARCHS_STANDARD_INCLUDING_64_BIT)";
				BUNDLE_LOADER = "$(BUILT_PRODUCTS_DIR)/SocialAppWorkBench.app/SocialAppWorkBench";
				FRAMEWORK_SEARCH_PATHS = (
					"$(SDKROOT)/Developer/Library/Frameworks",
					"$(inherited)",
					"$(DEVELOPER_FRAMEWORKS_DIR)",
				);
				GCC_PRECOMPILE_PREFIX_HEADER = YES;
				GCC_PREFIX_HEADER = "SocialAppWorkBench/SocialAppWorkBench-Prefix.pch";
				INFOPLIST_FILE = "SocialAppWorkBenchTests/SocialAppWorkBenchTests-Info.plist";
				PRODUCT_NAME = "$(TARGET_NAME)";
				TEST_HOST = "$(BUNDLE_LOADER)";
				WRAPPER_EXTENSION = xctest;
			};
			name = Release;
		};
/* End XCBuildConfiguration section */

/* Begin XCConfigurationList section */
		96153460195D534700F71C0B /* Build configuration list for PBXProject "SocialAppWorkBench" */ = {
			isa = XCConfigurationList;
			buildConfigurations = (
				96153498195D534800F71C0B /* Debug */,
				96153499195D534800F71C0B /* Release */,
			);
			defaultConfigurationIsVisible = 0;
			defaultConfigurationName = Release;
		};
		9615349A195D534800F71C0B /* Build configuration list for PBXNativeTarget "SocialAppWorkBench" */ = {
			isa = XCConfigurationList;
			buildConfigurations = (
				9615349B195D534800F71C0B /* Debug */,
				9615349C195D534800F71C0B /* Release */,
			);
			defaultConfigurationIsVisible = 0;
			defaultConfigurationName = Release;
		};
		9615349D195D534800F71C0B /* Build configuration list for PBXNativeTarget "SocialAppWorkBenchTests" */ = {
			isa = XCConfigurationList;
			buildConfigurations = (
				9615349E195D534800F71C0B /* Debug */,
				9615349F195D534800F71C0B /* Release */,
			);
			defaultConfigurationIsVisible = 0;
			defaultConfigurationName = Release;
		};
/* End XCConfigurationList section */
	};
	rootObject = 9615345D195D534700F71C0B /* Project object */;
}
